# This file was autogenerated by Stack.
# You should not edit this file by hand.
# For more information, please see the documentation at:
#   https://docs.haskellstack.org/en/stable/topics/lock_files

packages:
- completed:
    hackage: sdl2-2.5.5.1@sha256:7e2c55ca0ec4b538351fd3cceb71dbc5f99893dd326a7db78efa4adecc43c086,12150
    pantry-tree:
      sha256: 3623c5ef3144fa52f5db1599c3cfb0067840ba141d3516a8d750ed119476158f
      size: 6641
  original:
    hackage: sdl2-2.5.5.1@sha256:7e2c55ca0ec4b538351fd3cceb71dbc5f99893dd326a7db78efa4adecc43c086,12150
snapshots:
- completed:
    sha256: 468e1afa06cd069e57554f10e84fdf1ac5e8893e3eefc503ef837e2449f7e60c
    size: 726310
    url: https://raw.githubusercontent.com/commercialhaskell/stackage-snapshots/master/lts/24/11.yaml
  original: lts-24.11
